
Microsoft Visual Studio Solution File, Format Version 12.00
# Visual Studio Version 17
VisualStudioVersion = 17.4.33213.308
MinimumVisualStudioVersion = 10.0.40219.1
Project("{FAE04EC0-301F-11D3-BF4B-00C04F79EFBC}") = "Deliverable(4) Arrays", "Deliverable(4) Arrays\Deliverable(4) Arrays.csproj", "{A70119A0-9A09-45A9-9306-18AAE72F7A23}"
EndProject
Global
	GlobalSection(SolutionConfigurationPlatforms) = preSolution
		Debug|Any CPU = Debug|Any CPU
		Release|Any CPU = Release|Any CPU
	EndGlobalSection
	GlobalSection(ProjectConfigurationPlatforms) = postSolution
		{A70119A0-9A09-45A9-9306-18AAE72F7A23}.Debug|Any CPU.ActiveCfg = Debug|Any CPU
		{A70119A0-9A09-45A9-9306-18AAE72F7A23}.Debug|Any CPU.Build.0 = Debug|Any CPU
		{A70119A0-9A09-45A9-9306-18AAE72F7A23}.Release|Any CPU.ActiveCfg = Release|Any CPU
		{A70119A0-9A09-45A9-9306-18AAE72F7A23}.Release|Any CPU.Build.0 = Release|Any CPU
	EndGlobalSection
	GlobalSection(SolutionProperties) = preSolution
		HideSolutionNode = FALSE
	EndGlobalSection
	GlobalSection(ExtensibilityGlobals) = postSolution
		SolutionGuid = {00A24944-839A-4609-A1BA-5BAB2EC14D73}
	EndGlobalSection
EndGlobal
